
Microsoft Visual Studio Solution File, Format Version 12.00
# Visual Studio Version 16
VisualStudioVersion = 25.0.1703.4
MinimumVisualStudioVersion = 10.0.40219.1
Project("{FAE04EC0-301F-11D3-BF4B-00C04F79EFBC}") = "dbzapp.Android", "dbzapp\dbzapp.Android\dbzapp.Android.csproj", "{A6E3CFD1-D370-4C03-AA44-D3878DA5F7F2}"
EndProject
Project("{FAE04EC0-301F-11D3-BF4B-00C04F79EFBC}") = "dbzapp.iOS", "dbzapp\dbzapp.iOS\dbzapp.iOS.csproj", "{BEAD65EA-B890-43A1-93EE-F0D87CE8CF93}"
EndProject
Project("{FAE04EC0-301F-11D3-BF4B-00C04F79EFBC}") = "dbzapp", "dbzapp\dbzapp\dbzapp.csproj", "{BDDA3A03-3376-42EE-AA9F-EC2989EA0EE9}"
EndProject
Global
	GlobalSection(SolutionConfigurationPlatforms) = preSolution
		Debug|Any CPU = Debug|Any CPU
		Release|Any CPU = Release|Any CPU
		Debug|iPhoneSimulator = Debug|iPhoneSimulator
		Release|iPhoneSimulator = Release|iPhoneSimulator
		Debug|iPhone = Debug|iPhone
		Release|iPhone = Release|iPhone
	EndGlobalSection
	GlobalSection(ProjectConfigurationPlatforms) = postSolution
		{A6E3CFD1-D370-4C03-AA44-D3878DA5F7F2}.Debug|Any CPU.ActiveCfg = Debug|Any CPU
		{A6E3CFD1-D370-4C03-AA44-D3878DA5F7F2}.Debug|Any CPU.Build.0 = Debug|Any CPU
		{A6E3CFD1-D370-4C03-AA44-D3878DA5F7F2}.Release|Any CPU.ActiveCfg = Release|Any CPU
		{A6E3CFD1-D370-4C03-AA44-D3878DA5F7F2}.Release|Any CPU.Build.0 = Release|Any CPU
		{A6E3CFD1-D370-4C03-AA44-D3878DA5F7F2}.Debug|iPhoneSimulator.ActiveCfg = Debug|Any CPU
		{A6E3CFD1-D370-4C03-AA44-D3878DA5F7F2}.Debug|iPhoneSimulator.Build.0 = Debug|Any CPU
		{A6E3CFD1-D370-4C03-AA44-D3878DA5F7F2}.Release|iPhoneSimulator.ActiveCfg = Release|Any CPU
		{A6E3CFD1-D370-4C03-AA44-D3878DA5F7F2}.Release|iPhoneSimulator.Build.0 = Release|Any CPU
		{A6E3CFD1-D370-4C03-AA44-D3878DA5F7F2}.Debug|iPhone.ActiveCfg = Debug|Any CPU
		{A6E3CFD1-D370-4C03-AA44-D3878DA5F7F2}.Debug|iPhone.Build.0 = Debug|Any CPU
		{A6E3CFD1-D370-4C03-AA44-D3878DA5F7F2}.Release|iPhone.ActiveCfg = Release|Any CPU
		{A6E3CFD1-D370-4C03-AA44-D3878DA5F7F2}.Release|iPhone.Build.0 = Release|Any CPU
		{BEAD65EA-B890-43A1-93EE-F0D87CE8CF93}.Debug|Any CPU.ActiveCfg = Debug|iPhoneSimulator
		{BEAD65EA-B890-43A1-93EE-F0D87CE8CF93}.Debug|Any CPU.Build.0 = Debug|iPhoneSimulator
		{BEAD65EA-B890-43A1-93EE-F0D87CE8CF93}.Release|Any CPU.ActiveCfg = Release|iPhoneSimulator
		{BEAD65EA-B890-43A1-93EE-F0D87CE8CF93}.Release|Any CPU.Build.0 = Release|iPhoneSimulator
		{BEAD65EA-B890-43A1-93EE-F0D87CE8CF93}.Debug|iPhoneSimulator.ActiveCfg = Debug|iPhoneSimulator
		{BEAD65EA-B890-43A1-93EE-F0D87CE8CF93}.Debug|iPhoneSimulator.Build.0 = Debug|iPhoneSimulator
		{BEAD65EA-B890-43A1-93EE-F0D87CE8CF93}.Release|iPhoneSimulator.ActiveCfg = Release|iPhoneSimulator
		{BEAD65EA-B890-43A1-93EE-F0D87CE8CF93}.Release|iPhoneSimulator.Build.0 = Release|iPhoneSimulator
		{BEAD65EA-B890-43A1-93EE-F0D87CE8CF93}.Debug|iPhone.ActiveCfg = Debug|iPhone
		{BEAD65EA-B890-43A1-93EE-F0D87CE8CF93}.Debug|iPhone.Build.0 = Debug|iPhone
		{BEAD65EA-B890-43A1-93EE-F0D87CE8CF93}.Release|iPhone.ActiveCfg = Release|iPhone
		{BEAD65EA-B890-43A1-93EE-F0D87CE8CF93}.Release|iPhone.Build.0 = Release|iPhone
		{BDDA3A03-3376-42EE-AA9F-EC2989EA0EE9}.Debug|Any CPU.ActiveCfg = Debug|Any CPU
		{BDDA3A03-3376-42EE-AA9F-EC2989EA0EE9}.Debug|Any CPU.Build.0 = Debug|Any CPU
		{BDDA3A03-3376-42EE-AA9F-EC2989EA0EE9}.Release|Any CPU.ActiveCfg = Release|Any CPU
		{BDDA3A03-3376-42EE-AA9F-EC2989EA0EE9}.Release|Any CPU.Build.0 = Release|Any CPU
		{BDDA3A03-3376-42EE-AA9F-EC2989EA0EE9}.Debug|iPhoneSimulator.ActiveCfg = Debug|Any CPU
		{BDDA3A03-3376-42EE-AA9F-EC2989EA0EE9}.Debug|iPhoneSimulator.Build.0 = Debug|Any CPU
		{BDDA3A03-3376-42EE-AA9F-EC2989EA0EE9}.Release|iPhoneSimulator.ActiveCfg = Release|Any CPU
		{BDDA3A03-3376-42EE-AA9F-EC2989EA0EE9}.Release|iPhoneSimulator.Build.0 = Release|Any CPU
		{BDDA3A03-3376-42EE-AA9F-EC2989EA0EE9}.Debug|iPhone.ActiveCfg = Debug|Any CPU
		{BDDA3A03-3376-42EE-AA9F-EC2989EA0EE9}.Debug|iPhone.Build.0 = Debug|Any CPU
		{BDDA3A03-3376-42EE-AA9F-EC2989EA0EE9}.Release|iPhone.ActiveCfg = Release|Any CPU
		{BDDA3A03-3376-42EE-AA9F-EC2989EA0EE9}.Release|iPhone.Build.0 = Release|Any CPU
	EndGlobalSection
	GlobalSection(SolutionProperties) = preSolution
		HideSolutionNode = FALSE
	EndGlobalSection
	GlobalSection(ExtensibilityGlobals) = postSolution
		SolutionGuid = {2427FFDA-B3D9-4D05-AEFF-202247392972}
	EndGlobalSection
EndGlobal
